
Microsoft Visual Studio Solution File, Format Version 12.00
# Visual Studio Version 17
VisualStudioVersion = 17.3.32811.315
MinimumVisualStudioVersion = 10.0.40219.1
Project("{FAE04EC0-301F-11D3-BF4B-00C04F79EFBC}") = "OFD-Reader_CLI", "OFD-Reader_CLI.csproj", "{D6E0F19F-3AFF-490F-91F0-0ABB80530624}"
EndProject
Global
	GlobalSection(SolutionConfigurationPlatforms) = preSolution
		Debug|Any CPU = Debug|Any CPU
		Release|Any CPU = Release|Any CPU
	EndGlobalSection
	GlobalSection(ProjectConfigurationPlatforms) = postSolution
		{D6E0F19F-3AFF-490F-91F0-0ABB80530624}.Debug|Any CPU.ActiveCfg = Debug|Any CPU
		{D6E0F19F-3AFF-490F-91F0-0ABB80530624}.Debug|Any CPU.Build.0 = Debug|Any CPU
		{D6E0F19F-3AFF-490F-91F0-0ABB80530624}.Release|Any CPU.ActiveCfg = Release|Any CPU
		{D6E0F19F-3AFF-490F-91F0-0ABB80530624}.Release|Any CPU.Build.0 = Release|Any CPU
	EndGlobalSection
	GlobalSection(SolutionProperties) = preSolution
		HideSolutionNode = FALSE
	EndGlobalSection
	GlobalSection(ExtensibilityGlobals) = postSolution
		SolutionGuid = {F0319E72-F60F-450A-B54A-4C92226C54FF}
	EndGlobalSection
EndGlobal
